// !$*UTF8*$!
{
	archiveVersion = 1;
	classes = {
	};
	objectVersion = 55;
	objects = {

/* Begin PBXBuildFile section */
		37245B73278CA7B4007C6D11 /* 15.challenge.txt in CopyFiles */ = {isa = PBXBuildFile; fileRef = 374877E0278C7D0900F53240 /* 15.challenge.txt */; };
		374536282786393C000168AF /* Day11_SpacePolice.swift in Sources */ = {isa = PBXBuildFile; fileRef = 374536272786393C000168AF /* Day11_SpacePolice.swift */; };
		3745362B27863BC3000168AF /* IntCode.swift in Sources */ = {isa = PBXBuildFile; fileRef = 3745362A27863BC3000168AF /* IntCode.swift */; };
		3745362C27865B9B000168AF /* 11.challenge.txt in CopyFiles */ = {isa = PBXBuildFile; fileRef = 374536292786399A000168AF /* 11.challenge.txt */; };
		374877E2278C7D2400F53240 /* Day15_OxygenSystem.swift in Sources */ = {isa = PBXBuildFile; fileRef = 374877E1278C7D2400F53240 /* Day15_OxygenSystem.swift */; };
		3761EE9E27834AD700A8141E /* 06.test.txt in CopyFiles */ = {isa = PBXBuildFile; fileRef = 3761EE9C278349B400A8141E /* 06.test.txt */; };
		3761EE9F27834AD700A8141E /* 06.challenge.txt in CopyFiles */ = {isa = PBXBuildFile; fileRef = 3761EE9D278349C500A8141E /* 06.challenge.txt */; };
		3761EEA127834B0700A8141E /* Day06_UniversalOrbit.swift in Sources */ = {isa = PBXBuildFile; fileRef = 3761EEA027834B0700A8141E /* Day06_UniversalOrbit.swift */; };
		3761EEA3278355F100A8141E /* Day07_AmplificationCircuit.swift in Sources */ = {isa = PBXBuildFile; fileRef = 3761EEA2278355F100A8141E /* Day07_AmplificationCircuit.swift */; };
		3761EEA62783562100A8141E /* 07.test.txt in CopyFiles */ = {isa = PBXBuildFile; fileRef = 3761EEA42783560100A8141E /* 07.test.txt */; };
		3761EEA72783562100A8141E /* 07.challenge.txt in CopyFiles */ = {isa = PBXBuildFile; fileRef = 3761EEA52783561100A8141E /* 07.challenge.txt */; };
		377ECBEC278141BF00D12F72 /* Day04_SecureContainer.swift in Sources */ = {isa = PBXBuildFile; fileRef = 377ECBEB278141BF00D12F72 /* Day04_SecureContainer.swift */; };
		379DCFB72787CB030056FD6F /* Day13_CarePackage.swift in Sources */ = {isa = PBXBuildFile; fileRef = 379DCFB62787CB030056FD6F /* Day13_CarePackage.swift */; };
		379DCFB82787CC630056FD6F /* 13.challenge.txt in CopyFiles */ = {isa = PBXBuildFile; fileRef = 379DCFB52787CAEA0056FD6F /* 13.challenge.txt */; };
		37B0A60F278A942A009DBA66 /* 14.test.txt in CopyFiles */ = {isa = PBXBuildFile; fileRef = 37FC3C5C2789E5C000935859 /* 14.test.txt */; };
		37B0A610278A942A009DBA66 /* 14.challenge.txt in CopyFiles */ = {isa = PBXBuildFile; fileRef = 37FC3C5D2789E5D200935859 /* 14.challenge.txt */; };
		37C2D9852783927D0043B21F /* Day08_SpaceImageFormat.swift in Sources */ = {isa = PBXBuildFile; fileRef = 37C2D9842783927D0043B21F /* Day08_SpaceImageFormat.swift */; };
		37C2D988278395F30043B21F /* 08.test.txt in CopyFiles */ = {isa = PBXBuildFile; fileRef = 37C2D986278392DE0043B21F /* 08.test.txt */; };
		37C2D989278395F30043B21F /* 08.challenge.txt in CopyFiles */ = {isa = PBXBuildFile; fileRef = 37C2D987278393080043B21F /* 08.challenge.txt */; };
		37D46B3F2782598B00C9B177 /* 05.test.txt in CopyFiles */ = {isa = PBXBuildFile; fileRef = 37D46B3E2782598100C9B177 /* 05.test.txt */; };
		37D46B402782598B00C9B177 /* 05.challenge.txt in CopyFiles */ = {isa = PBXBuildFile; fileRef = 37D46B3D2782597100C9B177 /* 05.challenge.txt */; };
		37D46B42278259A300C9B177 /* Day05_SunnyAsteroids.swift in Sources */ = {isa = PBXBuildFile; fileRef = 37D46B41278259A300C9B177 /* Day05_SunnyAsteroids.swift */; };
		37D9F2F627809E99007FB706 /* Day03_CrossedWires.swift in Sources */ = {isa = PBXBuildFile; fileRef = 37D9F2F527809E99007FB706 /* Day03_CrossedWires.swift */; };
		37D9F2F727809F3C007FB706 /* 03.test.txt in CopyFiles */ = {isa = PBXBuildFile; fileRef = 37D9F2F327809E76007FB706 /* 03.test.txt */; };
		37D9F2F827809F3C007FB706 /* 03.challenge.txt in CopyFiles */ = {isa = PBXBuildFile; fileRef = 37D9F2F427809E87007FB706 /* 03.challenge.txt */; };
		37E7DB0D27849D87006758A8 /* Day09_SensorBoost.swift in Sources */ = {isa = PBXBuildFile; fileRef = 37E7DB0C27849D87006758A8 /* Day09_SensorBoost.swift */; };
		37E7DB1027849E1B006758A8 /* 09.test.txt in CopyFiles */ = {isa = PBXBuildFile; fileRef = 37E7DB0E27849D95006758A8 /* 09.test.txt */; };
		37E7DB1127849E1B006758A8 /* 09.challenge.txt in CopyFiles */ = {isa = PBXBuildFile; fileRef = 37E7DB0F27849DA0006758A8 /* 09.challenge.txt */; };
		37F3F6BF27869BD000724DB4 /* Day12_NBodyProblem.swift in Sources */ = {isa = PBXBuildFile; fileRef = 37F3F6BE27869BD000724DB4 /* Day12_NBodyProblem.swift */; };
		37F3F6C227869C4800724DB4 /* 12.test.txt in CopyFiles */ = {isa = PBXBuildFile; fileRef = 37F3F6C027869C3400724DB4 /* 12.test.txt */; };
		37F3F6C327869C4800724DB4 /* 12.challenge.txt in CopyFiles */ = {isa = PBXBuildFile; fileRef = 37F3F6C127869C4000724DB4 /* 12.challenge.txt */; };
		37F69410277FB0D6006A1504 /* main.swift in Sources */ = {isa = PBXBuildFile; fileRef = 37F6940F277FB0D6006A1504 /* main.swift */; };
		37F69419277FB126006A1504 /* AoCUtil.swift in Sources */ = {isa = PBXBuildFile; fileRef = 37F69418277FB126006A1504 /* AoCUtil.swift */; };
		37F6941C277FB159006A1504 /* Algorithms in Frameworks */ = {isa = PBXBuildFile; productRef = 37F6941B277FB159006A1504 /* Algorithms */; };
		37F6941F277FB187006A1504 /* Collections in Frameworks */ = {isa = PBXBuildFile; productRef = 37F6941E277FB187006A1504 /* Collections */; };
		37F69421277FB187006A1504 /* DequeModule in Frameworks */ = {isa = PBXBuildFile; productRef = 37F69420277FB187006A1504 /* DequeModule */; };
		37F69423277FB187006A1504 /* OrderedCollections in Frameworks */ = {isa = PBXBuildFile; productRef = 37F69422277FB187006A1504 /* OrderedCollections */; };
		37F69425277FB1CB006A1504 /* Day01_Tyranny.swift in Sources */ = {isa = PBXBuildFile; fileRef = 37F69424277FB1CB006A1504 /* Day01_Tyranny.swift */; };
		37F69428277FB253006A1504 /* 01.test.txt in CopyFiles */ = {isa = PBXBuildFile; fileRef = 37F69426277FB233006A1504 /* 01.test.txt */; };
		37F69429277FB253006A1504 /* 01.challenge.txt in CopyFiles */ = {isa = PBXBuildFile; fileRef = 37F69427277FB23D006A1504 /* 01.challenge.txt */; };
		37F6942B277FBA89006A1504 /* Day02_ProgramAlarm.swift in Sources */ = {isa = PBXBuildFile; fileRef = 37F6942A277FBA89006A1504 /* Day02_ProgramAlarm.swift */; };
		37F6942E277FDC57006A1504 /* 02.test.txt in CopyFiles */ = {isa = PBXBuildFile; fileRef = 37F6942C277FBA9A006A1504 /* 02.test.txt */; };
		37F6942F277FDC57006A1504 /* 02.challenge.txt in CopyFiles */ = {isa = PBXBuildFile; fileRef = 37F6942D277FBAA7006A1504 /* 02.challenge.txt */; };
		37FC3C5B2789E57000935859 /* Day14_Stoichiometry.swift in Sources */ = {isa = PBXBuildFile; fileRef = 37FC3C5A2789E57000935859 /* Day14_Stoichiometry.swift */; };
		37FF783F2785291B00EDF372 /* Day10_MonitoringStation.swift in Sources */ = {isa = PBXBuildFile; fileRef = 37FF783E2785291B00EDF372 /* Day10_MonitoringStation.swift */; };
		37FF784227852B2600EDF372 /* 10.test.txt in CopyFiles */ = {isa = PBXBuildFile; fileRef = 37FF784027852A3900EDF372 /* 10.test.txt */; };
		37FF784327852B2600EDF372 /* 10.challenge.txt in CopyFiles */ = {isa = PBXBuildFile; fileRef = 37FF784127852A6400EDF372 /* 10.challenge.txt */; };
/* End PBXBuildFile section */

/* Begin PBXCopyFilesBuildPhase section */
		37F6940A277FB0D6006A1504 /* CopyFiles */ = {
			isa = PBXCopyFilesBuildPhase;
			buildActionMask = 12;
			dstPath = "";
			dstSubfolderSpec = 16;
			files = (
				37245B73278CA7B4007C6D11 /* 15.challenge.txt in CopyFiles */,
				37B0A60F278A942A009DBA66 /* 14.test.txt in CopyFiles */,
				37B0A610278A942A009DBA66 /* 14.challenge.txt in CopyFiles */,
				379DCFB82787CC630056FD6F /* 13.challenge.txt in CopyFiles */,
				37F3F6C227869C4800724DB4 /* 12.test.txt in CopyFiles */,
				37F3F6C327869C4800724DB4 /* 12.challenge.txt in CopyFiles */,
				3745362C27865B9B000168AF /* 11.challenge.txt in CopyFiles */,
				37FF784227852B2600EDF372 /* 10.test.txt in CopyFiles */,
				37FF784327852B2600EDF372 /* 10.challenge.txt in CopyFiles */,
				37E7DB1027849E1B006758A8 /* 09.test.txt in CopyFiles */,
				37E7DB1127849E1B006758A8 /* 09.challenge.txt in CopyFiles */,
				37C2D988278395F30043B21F /* 08.test.txt in CopyFiles */,
				37C2D989278395F30043B21F /* 08.challenge.txt in CopyFiles */,
				3761EEA62783562100A8141E /* 07.test.txt in CopyFiles */,
				3761EEA72783562100A8141E /* 07.challenge.txt in CopyFiles */,
				3761EE9E27834AD700A8141E /* 06.test.txt in CopyFiles */,
				3761EE9F27834AD700A8141E /* 06.challenge.txt in CopyFiles */,
				37D46B3F2782598B00C9B177 /* 05.test.txt in CopyFiles */,
				37D46B402782598B00C9B177 /* 05.challenge.txt in CopyFiles */,
				37D9F2F727809F3C007FB706 /* 03.test.txt in CopyFiles */,
				37D9F2F827809F3C007FB706 /* 03.challenge.txt in CopyFiles */,
				37F6942E277FDC57006A1504 /* 02.test.txt in CopyFiles */,
				37F6942F277FDC57006A1504 /* 02.challenge.txt in CopyFiles */,
				37F69428277FB253006A1504 /* 01.test.txt in CopyFiles */,
				37F69429277FB253006A1504 /* 01.challenge.txt in CopyFiles */,
			);
			runOnlyForDeploymentPostprocessing = 0;
		};
/* End PBXCopyFilesBuildPhase section */

/* Begin PBXFileReference section */
		374536272786393C000168AF /* Day11_SpacePolice.swift */ = {isa = PBXFileReference; lastKnownFileType = sourcecode.swift; path = Day11_SpacePolice.swift; sourceTree = "<group>"; };
		374536292786399A000168AF /* 11.challenge.txt */ = {isa = PBXFileReference; lastKnownFileType = text; path = 11.challenge.txt; sourceTree = "<group>"; };
		3745362A27863BC3000168AF /* IntCode.swift */ = {isa = PBXFileReference; lastKnownFileType = sourcecode.swift; path = IntCode.swift; sourceTree = "<group>"; };
		374877E0278C7D0900F53240 /* 15.challenge.txt */ = {isa = PBXFileReference; lastKnownFileType = text; path = 15.challenge.txt; sourceTree = "<group>"; };
		374877E1278C7D2400F53240 /* Day15_OxygenSystem.swift */ = {isa = PBXFileReference; lastKnownFileType = sourcecode.swift; path = Day15_OxygenSystem.swift; sourceTree = "<group>"; };
		3761EE9C278349B400A8141E /* 06.test.txt */ = {isa = PBXFileReference; lastKnownFileType = text; path = 06.test.txt; sourceTree = "<group>"; };
		3761EE9D278349C500A8141E /* 06.challenge.txt */ = {isa = PBXFileReference; lastKnownFileType = text; path = 06.challenge.txt; sourceTree = "<group>"; };
		3761EEA027834B0700A8141E /* Day06_UniversalOrbit.swift */ = {isa = PBXFileReference; lastKnownFileType = sourcecode.swift; path = Day06_UniversalOrbit.swift; sourceTree = "<group>"; };
		3761EEA2278355F100A8141E /* Day07_AmplificationCircuit.swift */ = {isa = PBXFileReference; lastKnownFileType = sourcecode.swift; path = Day07_AmplificationCircuit.swift; sourceTree = "<group>"; };
		3761EEA42783560100A8141E /* 07.test.txt */ = {isa = PBXFileReference; lastKnownFileType = text; path = 07.test.txt; sourceTree = "<group>"; };
		3761EEA52783561100A8141E /* 07.challenge.txt */ = {isa = PBXFileReference; lastKnownFileType = text; path = 07.challenge.txt; sourceTree = "<group>"; };
		377ECBEB278141BF00D12F72 /* Day04_SecureContainer.swift */ = {isa = PBXFileReference; lastKnownFileType = sourcecode.swift; path = Day04_SecureContainer.swift; sourceTree = "<group>"; };
		379DCFB52787CAEA0056FD6F /* 13.challenge.txt */ = {isa = PBXFileReference; lastKnownFileType = text; path = 13.challenge.txt; sourceTree = "<group>"; };
		379DCFB62787CB030056FD6F /* Day13_CarePackage.swift */ = {isa = PBXFileReference; lastKnownFileType = sourcecode.swift; path = Day13_CarePackage.swift; sourceTree = "<group>"; };
		37C2D9842783927D0043B21F /* Day08_SpaceImageFormat.swift */ = {isa = PBXFileReference; lastKnownFileType = sourcecode.swift; path = Day08_SpaceImageFormat.swift; sourceTree = "<group>"; };
		37C2D986278392DE0043B21F /* 08.test.txt */ = {isa = PBXFileReference; lastKnownFileType = text; path = 08.test.txt; sourceTree = "<group>"; };
		37C2D987278393080043B21F /* 08.challenge.txt */ = {isa = PBXFileReference; lastKnownFileType = text; path = 08.challenge.txt; sourceTree = "<group>"; };
		37D46B3D2782597100C9B177 /* 05.challenge.txt */ = {isa = PBXFileReference; lastKnownFileType = text; path = 05.challenge.txt; sourceTree = "<group>"; };
		37D46B3E2782598100C9B177 /* 05.test.txt */ = {isa = PBXFileReference; lastKnownFileType = text; path = 05.test.txt; sourceTree = "<group>"; };
		37D46B41278259A300C9B177 /* Day05_SunnyAsteroids.swift */ = {isa = PBXFileReference; lastKnownFileType = sourcecode.swift; path = Day05_SunnyAsteroids.swift; sourceTree = "<group>"; };
		37D9F2F327809E76007FB706 /* 03.test.txt */ = {isa = PBXFileReference; lastKnownFileType = text; name = 03.test.txt; path = "AdventOfCode2019/Input Files/03.test.txt"; sourceTree = SOURCE_ROOT; };
		37D9F2F427809E87007FB706 /* 03.challenge.txt */ = {isa = PBXFileReference; lastKnownFileType = text; path = 03.challenge.txt; sourceTree = "<group>"; };
		37D9F2F527809E99007FB706 /* Day03_CrossedWires.swift */ = {isa = PBXFileReference; lastKnownFileType = sourcecode.swift; path = Day03_CrossedWires.swift; sourceTree = "<group>"; };
		37E7DB0C27849D87006758A8 /* Day09_SensorBoost.swift */ = {isa = PBXFileReference; lastKnownFileType = sourcecode.swift; path = Day09_SensorBoost.swift; sourceTree = "<group>"; };
		37E7DB0E27849D95006758A8 /* 09.test.txt */ = {isa = PBXFileReference; lastKnownFileType = text; path = 09.test.txt; sourceTree = "<group>"; };
		37E7DB0F27849DA0006758A8 /* 09.challenge.txt */ = {isa = PBXFileReference; lastKnownFileType = text; path = 09.challenge.txt; sourceTree = "<group>"; };
		37F3F6BE27869BD000724DB4 /* Day12_NBodyProblem.swift */ = {isa = PBXFileReference; lastKnownFileType = sourcecode.swift; path = Day12_NBodyProblem.swift; sourceTree = "<group>"; };
		37F3F6C027869C3400724DB4 /* 12.test.txt */ = {isa = PBXFileReference; lastKnownFileType = text; path = 12.test.txt; sourceTree = "<group>"; };
		37F3F6C127869C4000724DB4 /* 12.challenge.txt */ = {isa = PBXFileReference; lastKnownFileType = text; path = 12.challenge.txt; sourceTree = "<group>"; };
		37F6940C277FB0D6006A1504 /* AdventOfCode2019 */ = {isa = PBXFileReference; explicitFileType = "compiled.mach-o.executable"; includeInIndex = 0; path = AdventOfCode2019; sourceTree = BUILT_PRODUCTS_DIR; };
		37F6940F277FB0D6006A1504 /* main.swift */ = {isa = PBXFileReference; lastKnownFileType = sourcecode.swift; path = main.swift; sourceTree = "<group>"; };
		37F69418277FB126006A1504 /* AoCUtil.swift */ = {isa = PBXFileReference; lastKnownFileType = sourcecode.swift; path = AoCUtil.swift; sourceTree = "<group>"; };
		37F69424277FB1CB006A1504 /* Day01_Tyranny.swift */ = {isa = PBXFileReference; lastKnownFileType = sourcecode.swift; path = Day01_Tyranny.swift; sourceTree = "<group>"; };
		37F69426277FB233006A1504 /* 01.test.txt */ = {isa = PBXFileReference; lastKnownFileType = text; path = 01.test.txt; sourceTree = "<group>"; };
		37F69427277FB23D006A1504 /* 01.challenge.txt */ = {isa = PBXFileReference; lastKnownFileType = text; path = 01.challenge.txt; sourceTree = "<group>"; };
		37F6942A277FBA89006A1504 /* Day02_ProgramAlarm.swift */ = {isa = PBXFileReference; lastKnownFileType = sourcecode.swift; path = Day02_ProgramAlarm.swift; sourceTree = "<group>"; };
		37F6942C277FBA9A006A1504 /* 02.test.txt */ = {isa = PBXFileReference; lastKnownFileType = text; path = 02.test.txt; sourceTree = "<group>"; };
		37F6942D277FBAA7006A1504 /* 02.challenge.txt */ = {isa = PBXFileReference; lastKnownFileType = text; path = 02.challenge.txt; sourceTree = "<group>"; };
		37FC3C5A2789E57000935859 /* Day14_Stoichiometry.swift */ = {isa = PBXFileReference; lastKnownFileType = sourcecode.swift; path = Day14_Stoichiometry.swift; sourceTree = "<group>"; };
		37FC3C5C2789E5C000935859 /* 14.test.txt */ = {isa = PBXFileReference; lastKnownFileType = text; path = 14.test.txt; sourceTree = "<group>"; };
		37FC3C5D2789E5D200935859 /* 14.challenge.txt */ = {isa = PBXFileReference; lastKnownFileType = text; path = 14.challenge.txt; sourceTree = "<group>"; };
		37FF783E2785291B00EDF372 /* Day10_MonitoringStation.swift */ = {isa = PBXFileReference; lastKnownFileType = sourcecode.swift; path = Day10_MonitoringStation.swift; sourceTree = "<group>"; };
		37FF784027852A3900EDF372 /* 10.test.txt */ = {isa = PBXFileReference; lastKnownFileType = text; path = 10.test.txt; sourceTree = "<group>"; };
		37FF784127852A6400EDF372 /* 10.challenge.txt */ = {isa = PBXFileReference; lastKnownFileType = text; path = 10.challenge.txt; sourceTree = "<group>"; };
/* End PBXFileReference section */

/* Begin PBXFrameworksBuildPhase section */
		37F69409277FB0D6006A1504 /* Frameworks */ = {
			isa = PBXFrameworksBuildPhase;
			buildActionMask = 2147483647;
			files = (
				37F6941F277FB187006A1504 /* Collections in Frameworks */,
				37F6941C277FB159006A1504 /* Algorithms in Frameworks */,
				37F69423277FB187006A1504 /* OrderedCollections in Frameworks */,
				37F69421277FB187006A1504 /* DequeModule in Frameworks */,
			);
			runOnlyForDeploymentPostprocessing = 0;
		};
/* End PBXFrameworksBuildPhase section */

/* Begin PBXGroup section */
		37F69403277FB0D6006A1504 = {
			isa = PBXGroup;
			children = (
				37F6940E277FB0D6006A1504 /* AdventOfCode2019 */,
				37F6940D277FB0D6006A1504 /* Products */,
			);
			sourceTree = "<group>";
		};
		37F6940D277FB0D6006A1504 /* Products */ = {
			isa = PBXGroup;
			children = (
				37F6940C277FB0D6006A1504 /* AdventOfCode2019 */,
			);
			name = Products;
			sourceTree = "<group>";
		};
		37F6940E277FB0D6006A1504 /* AdventOfCode2019 */ = {
			isa = PBXGroup;
			children = (
				37F69417277FB10D006A1504 /* Input Files */,
				37F69416277FB0FD006A1504 /* Solutions */,
				37F6940F277FB0D6006A1504 /* main.swift */,
				37F69418277FB126006A1504 /* AoCUtil.swift */,
			);
			path = AdventOfCode2019;
			sourceTree = "<group>";
		};
		37F69416277FB0FD006A1504 /* Solutions */ = {
			isa = PBXGroup;
			children = (
				37F69424277FB1CB006A1504 /* Day01_Tyranny.swift */,
				37F6942A277FBA89006A1504 /* Day02_ProgramAlarm.swift */,
				37D9F2F527809E99007FB706 /* Day03_CrossedWires.swift */,
				377ECBEB278141BF00D12F72 /* Day04_SecureContainer.swift */,
				37D46B41278259A300C9B177 /* Day05_SunnyAsteroids.swift */,
				3761EEA027834B0700A8141E /* Day06_UniversalOrbit.swift */,
				3761EEA2278355F100A8141E /* Day07_AmplificationCircuit.swift */,
				37C2D9842783927D0043B21F /* Day08_SpaceImageFormat.swift */,
				37E7DB0C27849D87006758A8 /* Day09_SensorBoost.swift */,
				37FF783E2785291B00EDF372 /* Day10_MonitoringStation.swift */,
				374536272786393C000168AF /* Day11_SpacePolice.swift */,
				3745362A27863BC3000168AF /* IntCode.swift */,
				37F3F6BE27869BD000724DB4 /* Day12_NBodyProblem.swift */,
				379DCFB62787CB030056FD6F /* Day13_CarePackage.swift */,
				37FC3C5A2789E57000935859 /* Day14_Stoichiometry.swift */,
				374877E1278C7D2400F53240 /* Day15_OxygenSystem.swift */,
			);
			path = Solutions;
			sourceTree = "<group>";
		};
		37F69417277FB10D006A1504 /* Input Files */ = {
			isa = PBXGroup;
			children = (
				37F69426277FB233006A1504 /* 01.test.txt */,
				37F69427277FB23D006A1504 /* 01.challenge.txt */,
				37F6942C277FBA9A006A1504 /* 02.test.txt */,
				37F6942D277FBAA7006A1504 /* 02.challenge.txt */,
				37D9F2F327809E76007FB706 /* 03.test.txt */,
				37D9F2F427809E87007FB706 /* 03.challenge.txt */,
				37D46B3E2782598100C9B177 /* 05.test.txt */,
				37D46B3D2782597100C9B177 /* 05.challenge.txt */,
				3761EE9C278349B400A8141E /* 06.test.txt */,
				3761EE9D278349C500A8141E /* 06.challenge.txt */,
				3761EEA42783560100A8141E /* 07.test.txt */,
				3761EEA52783561100A8141E /* 07.challenge.txt */,
				37C2D986278392DE0043B21F /* 08.test.txt */,
				37C2D987278393080043B21F /* 08.challenge.txt */,
				37E7DB0E27849D95006758A8 /* 09.test.txt */,
				37E7DB0F27849DA0006758A8 /* 09.challenge.txt */,
				37FF784027852A3900EDF372 /* 10.test.txt */,
				37FF784127852A6400EDF372 /* 10.challenge.txt */,
				374536292786399A000168AF /* 11.challenge.txt */,
				37F3F6C027869C3400724DB4 /* 12.test.txt */,
				37F3F6C127869C4000724DB4 /* 12.challenge.txt */,
				379DCFB52787CAEA0056FD6F /* 13.challenge.txt */,
				37FC3C5C2789E5C000935859 /* 14.test.txt */,
				37FC3C5D2789E5D200935859 /* 14.challenge.txt */,
				374877E0278C7D0900F53240 /* 15.challenge.txt */,
			);
			path = "Input Files";
			sourceTree = "<group>";
		};
/* End PBXGroup section */

/* Begin PBXNativeTarget section */
		37F6940B277FB0D6006A1504 /* AdventOfCode2019 */ = {
			isa = PBXNativeTarget;
			buildConfigurationList = 37F69413277FB0D6006A1504 /* Build configuration list for PBXNativeTarget "AdventOfCode2019" */;
			buildPhases = (
				37F69408277FB0D6006A1504 /* Sources */,
				37F69409277FB0D6006A1504 /* Frameworks */,
				37F6940A277FB0D6006A1504 /* CopyFiles */,
			);
			buildRules = (
			);
			dependencies = (
			);
			name = AdventOfCode2019;
			packageProductDependencies = (
				37F6941B277FB159006A1504 /* Algorithms */,
				37F6941E277FB187006A1504 /* Collections */,
				37F69420277FB187006A1504 /* DequeModule */,
				37F69422277FB187006A1504 /* OrderedCollections */,
			);
			productName = AdventOfCode2019;
			productReference = 37F6940C277FB0D6006A1504 /* AdventOfCode2019 */;
			productType = "com.apple.product-type.tool";
		};
/* End PBXNativeTarget section */

/* Begin PBXProject section */
		37F69404277FB0D6006A1504 /* Project object */ = {
			isa = PBXProject;
			attributes = {
				BuildIndependentTargetsInParallel = 1;
				LastSwiftUpdateCheck = 1320;
				LastUpgradeCheck = 1320;
				TargetAttributes = {
					37F6940B277FB0D6006A1504 = {
						CreatedOnToolsVersion = 13.2;
					};
				};
			};
			buildConfigurationList = 37F69407277FB0D6006A1504 /* Build configuration list for PBXProject "AdventOfCode2019" */;
			compatibilityVersion = "Xcode 13.0";
			developmentRegion = en;
			hasScannedForEncodings = 0;
			knownRegions = (
				en,
				Base,
			);
			mainGroup = 37F69403277FB0D6006A1504;
			packageReferences = (
				37F6941A277FB159006A1504 /* XCRemoteSwiftPackageReference "swift-algorithms" */,
				37F6941D277FB187006A1504 /* XCRemoteSwiftPackageReference "swift-collections" */,
			);
			productRefGroup = 37F6940D277FB0D6006A1504 /* Products */;
			projectDirPath = "";
			projectRoot = "";
			targets = (
				37F6940B277FB0D6006A1504 /* AdventOfCode2019 */,
			);
		};
/* End PBXProject section */

/* Begin PBXSourcesBuildPhase section */
		37F69408277FB0D6006A1504 /* Sources */ = {
			isa = PBXSourcesBuildPhase;
			buildActionMask = 2147483647;
			files = (
				37F3F6BF27869BD000724DB4 /* Day12_NBodyProblem.swift in Sources */,
				374877E2278C7D2400F53240 /* Day15_OxygenSystem.swift in Sources */,
				37D46B42278259A300C9B177 /* Day05_SunnyAsteroids.swift in Sources */,
				37FC3C5B2789E57000935859 /* Day14_Stoichiometry.swift in Sources */,
				3761EEA127834B0700A8141E /* Day06_UniversalOrbit.swift in Sources */,
				3761EEA3278355F100A8141E /* Day07_AmplificationCircuit.swift in Sources */,
				37F69410277FB0D6006A1504 /* main.swift in Sources */,
				37C2D9852783927D0043B21F /* Day08_SpaceImageFormat.swift in Sources */,
				37F69419277FB126006A1504 /* AoCUtil.swift in Sources */,
				3745362B27863BC3000168AF /* IntCode.swift in Sources */,
				37F69425277FB1CB006A1504 /* Day01_Tyranny.swift in Sources */,
				37E7DB0D27849D87006758A8 /* Day09_SensorBoost.swift in Sources */,
				379DCFB72787CB030056FD6F /* Day13_CarePackage.swift in Sources */,
				377ECBEC278141BF00D12F72 /* Day04_SecureContainer.swift in Sources */,
				37F6942B277FBA89006A1504 /* Day02_ProgramAlarm.swift in Sources */,
				37FF783F2785291B00EDF372 /* Day10_MonitoringStation.swift in Sources */,
				374536282786393C000168AF /* Day11_SpacePolice.swift in Sources */,
				37D9F2F627809E99007FB706 /* Day03_CrossedWires.swift in Sources */,
			);
			runOnlyForDeploymentPostprocessing = 0;
		};
/* End PBXSourcesBuildPhase section */

/* Begin XCBuildConfiguration section */
		37F69411277FB0D6006A1504 /* Debug */ = {
			isa = XCBuildConfiguration;
			buildSettings = {
				ALWAYS_SEARCH_USER_PATHS = NO;
				CLANG_ANALYZER_NONNULL = YES;
				CLANG_ANALYZER_NUMBER_OBJECT_CONVERSION = YES_AGGRESSIVE;
				CLANG_CXX_LANGUAGE_STANDARD = "gnu++17";
				CLANG_CXX_LIBRARY = "libc++";
				CLANG_ENABLE_MODULES = YES;
				CLANG_ENABLE_OBJC_ARC = YES;
				CLANG_ENABLE_OBJC_WEAK = YES;
				CLANG_WARN_BLOCK_CAPTURE_AUTORELEASING = YES;
				CLANG_WARN_BOOL_CONVERSION = YES;
				CLANG_WARN_COMMA = YES;
				CLANG_WARN_CONSTANT_CONVERSION = YES;
				CLANG_WARN_DEPRECATED_OBJC_IMPLEMENTATIONS = YES;
				CLANG_WARN_DIRECT_OBJC_ISA_USAGE = YES_ERROR;
				CLANG_WARN_DOCUMENTATION_COMMENTS = YES;
				CLANG_WARN_EMPTY_BODY = YES;
				CLANG_WARN_ENUM_CONVERSION = YES;
				CLANG_WARN_INFINITE_RECURSION = YES;
				CLANG_WARN_INT_CONVERSION = YES;
				CLANG_WARN_NON_LITERAL_NULL_CONVERSION = YES;
				CLANG_WARN_OBJC_IMPLICIT_RETAIN_SELF = YES;
				CLANG_WARN_OBJC_LITERAL_CONVERSION = YES;
				CLANG_WARN_OBJC_ROOT_CLASS = YES_ERROR;
				CLANG_WARN_QUOTED_INCLUDE_IN_FRAMEWORK_HEADER = YES;
				CLANG_WARN_RANGE_LOOP_ANALYSIS = YES;
				CLANG_WARN_STRICT_PROTOTYPES = YES;
				CLANG_WARN_SUSPICIOUS_MOVE = YES;
				CLANG_WARN_UNGUARDED_AVAILABILITY = YES_AGGRESSIVE;
				CLANG_WARN_UNREACHABLE_CODE = YES;
				CLANG_WARN__DUPLICATE_METHOD_MATCH = YES;
				COPY_PHASE_STRIP = NO;
				DEBUG_INFORMATION_FORMAT = dwarf;
				ENABLE_STRICT_OBJC_MSGSEND = YES;
				ENABLE_TESTABILITY = YES;
				GCC_C_LANGUAGE_STANDARD = gnu11;
				GCC_DYNAMIC_NO_PIC = NO;
				GCC_NO_COMMON_BLOCKS = YES;
				GCC_OPTIMIZATION_LEVEL = 0;
				GCC_PREPROCESSOR_DEFINITIONS = (
					"DEBUG=1",
					"$(inherited)",
				);
				GCC_WARN_64_TO_32_BIT_CONVERSION = YES;
				GCC_WARN_ABOUT_RETURN_TYPE = YES_ERROR;
				GCC_WARN_UNDECLARED_SELECTOR = YES;
				GCC_WARN_UNINITIALIZED_AUTOS = YES_AGGRESSIVE;
				GCC_WARN_UNUSED_FUNCTION = YES;
				GCC_WARN_UNUSED_VARIABLE = YES;
				MACOSX_DEPLOYMENT_TARGET = 12.1;
				MTL_ENABLE_DEBUG_INFO = INCLUDE_SOURCE;
				MTL_FAST_MATH = YES;
				ONLY_ACTIVE_ARCH = YES;
				SDKROOT = macosx;
				SWIFT_ACTIVE_COMPILATION_CONDITIONS = DEBUG;
				SWIFT_OPTIMIZATION_LEVEL = "-Onone";
			};
			name = Debug;
		};
		37F69412277FB0D6006A1504 /* Release */ = {
			isa = XCBuildConfiguration;
			buildSettings = {
				ALWAYS_SEARCH_USER_PATHS = NO;
				CLANG_ANALYZER_NONNULL = YES;
				CLANG_ANALYZER_NUMBER_OBJECT_CONVERSION = YES_AGGRESSIVE;
				CLANG_CXX_LANGUAGE_STANDARD = "gnu++17";
				CLANG_CXX_LIBRARY = "libc++";
				CLANG_ENABLE_MODULES = YES;
				CLANG_ENABLE_OBJC_ARC = YES;
				CLANG_ENABLE_OBJC_WEAK = YES;
				CLANG_WARN_BLOCK_CAPTURE_AUTORELEASING = YES;
				CLANG_WARN_BOOL_CONVERSION = YES;
				CLANG_WARN_COMMA = YES;
				CLANG_WARN_CONSTANT_CONVERSION = YES;
				CLANG_WARN_DEPRECATED_OBJC_IMPLEMENTATIONS = YES;
				CLANG_WARN_DIRECT_OBJC_ISA_USAGE = YES_ERROR;
				CLANG_WARN_DOCUMENTATION_COMMENTS = YES;
				CLANG_WARN_EMPTY_BODY = YES;
				CLANG_WARN_ENUM_CONVERSION = YES;
				CLANG_WARN_INFINITE_RECURSION = YES;
				CLANG_WARN_INT_CONVERSION = YES;
				CLANG_WARN_NON_LITERAL_NULL_CONVERSION = YES;
				CLANG_WARN_OBJC_IMPLICIT_RETAIN_SELF = YES;
				CLANG_WARN_OBJC_LITERAL_CONVERSION = YES;
				CLANG_WARN_OBJC_ROOT_CLASS = YES_ERROR;
				CLANG_WARN_QUOTED_INCLUDE_IN_FRAMEWORK_HEADER = YES;
				CLANG_WARN_RANGE_LOOP_ANALYSIS = YES;
				CLANG_WARN_STRICT_PROTOTYPES = YES;
				CLANG_WARN_SUSPICIOUS_MOVE = YES;
				CLANG_WARN_UNGUARDED_AVAILABILITY = YES_AGGRESSIVE;
				CLANG_WARN_UNREACHABLE_CODE = YES;
				CLANG_WARN__DUPLICATE_METHOD_MATCH = YES;
				COPY_PHASE_STRIP = NO;
				DEBUG_INFORMATION_FORMAT = "dwarf-with-dsym";
				ENABLE_NS_ASSERTIONS = NO;
				ENABLE_STRICT_OBJC_MSGSEND = YES;
				GCC_C_LANGUAGE_STANDARD = gnu11;
				GCC_NO_COMMON_BLOCKS = YES;
				GCC_WARN_64_TO_32_BIT_CONVERSION = YES;
				GCC_WARN_ABOUT_RETURN_TYPE = YES_ERROR;
				GCC_WARN_UNDECLARED_SELECTOR = YES;
				GCC_WARN_UNINITIALIZED_AUTOS = YES_AGGRESSIVE;
				GCC_WARN_UNUSED_FUNCTION = YES;
				GCC_WARN_UNUSED_VARIABLE = YES;
				MACOSX_DEPLOYMENT_TARGET = 12.1;
				MTL_ENABLE_DEBUG_INFO = NO;
				MTL_FAST_MATH = YES;
				SDKROOT = macosx;
				SWIFT_COMPILATION_MODE = wholemodule;
				SWIFT_OPTIMIZATION_LEVEL = "-O";
			};
			name = Release;
		};
		37F69414277FB0D6006A1504 /* Debug */ = {
			isa = XCBuildConfiguration;
			buildSettings = {
				CODE_SIGN_STYLE = Automatic;
				DEVELOPMENT_TEAM = TQU5FGEV2A;
				ENABLE_HARDENED_RUNTIME = YES;
				PRODUCT_NAME = "$(TARGET_NAME)";
				SWIFT_VERSION = 5.0;
			};
			name = Debug;
		};
		37F69415277FB0D6006A1504 /* Release */ = {
			isa = XCBuildConfiguration;
			buildSettings = {
				CODE_SIGN_STYLE = Automatic;
				DEVELOPMENT_TEAM = TQU5FGEV2A;
				ENABLE_HARDENED_RUNTIME = YES;
				PRODUCT_NAME = "$(TARGET_NAME)";
				SWIFT_VERSION = 5.0;
			};
			name = Release;
		};
/* End XCBuildConfiguration section */

/* Begin XCConfigurationList section */
		37F69407277FB0D6006A1504 /* Build configuration list for PBXProject "AdventOfCode2019" */ = {
			isa = XCConfigurationList;
			buildConfigurations = (
				37F69411277FB0D6006A1504 /* Debug */,
				37F69412277FB0D6006A1504 /* Release */,
			);
			defaultConfigurationIsVisible = 0;
			defaultConfigurationName = Release;
		};
		37F69413277FB0D6006A1504 /* Build configuration list for PBXNativeTarget "AdventOfCode2019" */ = {
			isa = XCConfigurationList;
			buildConfigurations = (
				37F69414277FB0D6006A1504 /* Debug */,
				37F69415277FB0D6006A1504 /* Release */,
			);
			defaultConfigurationIsVisible = 0;
			defaultConfigurationName = Release;
		};
/* End XCConfigurationList section */

/* Begin XCRemoteSwiftPackageReference section */
		37F6941A277FB159006A1504 /* XCRemoteSwiftPackageReference "swift-algorithms" */ = {
			isa = XCRemoteSwiftPackageReference;
			repositoryURL = "https://github.com/apple/swift-algorithms.git";
			requirement = {
				kind = upToNextMajorVersion;
				minimumVersion = 1.0.0;
			};
		};
		37F6941D277FB187006A1504 /* XCRemoteSwiftPackageReference "swift-collections" */ = {
			isa = XCRemoteSwiftPackageReference;
			repositoryURL = "https://github.com/apple/swift-collections.git";
			requirement = {
				kind = upToNextMajorVersion;
				minimumVersion = 1.0.0;
			};
		};
/* End XCRemoteSwiftPackageReference section */

/* Begin XCSwiftPackageProductDependency section */
		37F6941B277FB159006A1504 /* Algorithms */ = {
			isa = XCSwiftPackageProductDependency;
			package = 37F6941A277FB159006A1504 /* XCRemoteSwiftPackageReference "swift-algorithms" */;
			productName = Algorithms;
		};
		37F6941E277FB187006A1504 /* Collections */ = {
			isa = XCSwiftPackageProductDependency;
			package = 37F6941D277FB187006A1504 /* XCRemoteSwiftPackageReference "swift-collections" */;
			productName = Collections;
		};
		37F69420277FB187006A1504 /* DequeModule */ = {
			isa = XCSwiftPackageProductDependency;
			package = 37F6941D277FB187006A1504 /* XCRemoteSwiftPackageReference "swift-collections" */;
			productName = DequeModule;
		};
		37F69422277FB187006A1504 /* OrderedCollections */ = {
			isa = XCSwiftPackageProductDependency;
			package = 37F6941D277FB187006A1504 /* XCRemoteSwiftPackageReference "swift-collections" */;
			productName = OrderedCollections;
		};
/* End XCSwiftPackageProductDependency section */
	};
	rootObject = 37F69404277FB0D6006A1504 /* Project object */;
}
